// !$*UTF8*$!
{
	archiveVersion = 1;
	classes = {
	};
	objectVersion = 56;
	objects = {

/* Begin PBXBuildFile section */
		F92843382B72324800022088 /* LoginView.swift in Sources */ = {isa = PBXBuildFile; fileRef = F92843372B72324800022088 /* LoginView.swift */; };
		F92C20AD2B6BF66A003D81EC /* GoogleService-Info.plist in Resources */ = {isa = PBXBuildFile; fileRef = F92C20AC2B6BF66A003D81EC /* GoogleService-Info.plist */; };
		F92C20B52B6BF738003D81EC /* AsyncAlgorithms in Frameworks */ = {isa = PBXBuildFile; productRef = F92C20B42B6BF738003D81EC /* AsyncAlgorithms */; };
		F92C20B82B6BF831003D81EC /* AsyncExtensions in Frameworks */ = {isa = PBXBuildFile; productRef = F92C20B72B6BF831003D81EC /* AsyncExtensions */; };
		F92C20BB2B6BF8A8003D81EC /* FirebaseAnalytics in Frameworks */ = {isa = PBXBuildFile; productRef = F92C20BA2B6BF8A8003D81EC /* FirebaseAnalytics */; };
		F92C20BD2B6BF8A8003D81EC /* FirebaseAnalyticsOnDeviceConversion in Frameworks */ = {isa = PBXBuildFile; productRef = F92C20BC2B6BF8A8003D81EC /* FirebaseAnalyticsOnDeviceConversion */; };
		F92C20BF2B6BF8A8003D81EC /* FirebaseAnalyticsSwift in Frameworks */ = {isa = PBXBuildFile; productRef = F92C20BE2B6BF8A8003D81EC /* FirebaseAnalyticsSwift */; };
		F92C20C12B6BF8A8003D81EC /* FirebaseAnalyticsWithoutAdIdSupport in Frameworks */ = {isa = PBXBuildFile; productRef = F92C20C02B6BF8A8003D81EC /* FirebaseAnalyticsWithoutAdIdSupport */; };
		F92C20C32B6BF8A8003D81EC /* FirebaseAppCheck in Frameworks */ = {isa = PBXBuildFile; productRef = F92C20C22B6BF8A8003D81EC /* FirebaseAppCheck */; };
		F92C20C52B6BF8A8003D81EC /* FirebaseAppDistribution-Beta in Frameworks */ = {isa = PBXBuildFile; productRef = F92C20C42B6BF8A8003D81EC /* FirebaseAppDistribution-Beta */; };
		F92C20C72B6BF8A8003D81EC /* FirebaseAuth in Frameworks */ = {isa = PBXBuildFile; productRef = F92C20C62B6BF8A8003D81EC /* FirebaseAuth */; };
		F92C20C92B6BF8A8003D81EC /* FirebaseAuthCombine-Community in Frameworks */ = {isa = PBXBuildFile; productRef = F92C20C82B6BF8A8003D81EC /* FirebaseAuthCombine-Community */; };
		F92C20CB2B6BF8A8003D81EC /* FirebaseCrashlytics in Frameworks */ = {isa = PBXBuildFile; productRef = F92C20CA2B6BF8A8003D81EC /* FirebaseCrashlytics */; };
		F92C20CD2B6BF8A8003D81EC /* FirebaseDatabase in Frameworks */ = {isa = PBXBuildFile; productRef = F92C20CC2B6BF8A8003D81EC /* FirebaseDatabase */; };
		F92C20CF2B6BF8A8003D81EC /* FirebaseDatabaseSwift in Frameworks */ = {isa = PBXBuildFile; productRef = F92C20CE2B6BF8A8003D81EC /* FirebaseDatabaseSwift */; };
		F92C20D12B6BF8A8003D81EC /* FirebaseDynamicLinks in Frameworks */ = {isa = PBXBuildFile; productRef = F92C20D02B6BF8A8003D81EC /* FirebaseDynamicLinks */; };
		F92C20D32B6BF8A8003D81EC /* FirebaseFirestore in Frameworks */ = {isa = PBXBuildFile; productRef = F92C20D22B6BF8A8003D81EC /* FirebaseFirestore */; };
		F92C20D52B6BF8A8003D81EC /* FirebaseFirestoreCombine-Community in Frameworks */ = {isa = PBXBuildFile; productRef = F92C20D42B6BF8A8003D81EC /* FirebaseFirestoreCombine-Community */; };
		F92C20D72B6BF8A8003D81EC /* FirebaseFirestoreSwift in Frameworks */ = {isa = PBXBuildFile; productRef = F92C20D62B6BF8A8003D81EC /* FirebaseFirestoreSwift */; };
		F92C20D92B6BF8A8003D81EC /* FirebaseFunctions in Frameworks */ = {isa = PBXBuildFile; productRef = F92C20D82B6BF8A8003D81EC /* FirebaseFunctions */; };
		F92C20DB2B6BF8A8003D81EC /* FirebaseFunctionsCombine-Community in Frameworks */ = {isa = PBXBuildFile; productRef = F92C20DA2B6BF8A8003D81EC /* FirebaseFunctionsCombine-Community */; };
		F92C20DD2B6BF8A8003D81EC /* FirebaseInAppMessaging-Beta in Frameworks */ = {isa = PBXBuildFile; productRef = F92C20DC2B6BF8A8003D81EC /* FirebaseInAppMessaging-Beta */; };
		F92C20DF2B6BF8A8003D81EC /* FirebaseInAppMessagingSwift-Beta in Frameworks */ = {isa = PBXBuildFile; productRef = F92C20DE2B6BF8A8003D81EC /* FirebaseInAppMessagingSwift-Beta */; };
		F92C20E12B6BF8A8003D81EC /* FirebaseInstallations in Frameworks */ = {isa = PBXBuildFile; productRef = F92C20E02B6BF8A8003D81EC /* FirebaseInstallations */; };
		F92C20E32B6BF8A8003D81EC /* FirebaseMLModelDownloader in Frameworks */ = {isa = PBXBuildFile; productRef = F92C20E22B6BF8A8003D81EC /* FirebaseMLModelDownloader */; };
		F92C20E52B6BF8A8003D81EC /* FirebaseMessaging in Frameworks */ = {isa = PBXBuildFile; productRef = F92C20E42B6BF8A8003D81EC /* FirebaseMessaging */; };
		F9A064042B6A82C0001E24BF /* ProdigesMapApp.swift in Sources */ = {isa = PBXBuildFile; fileRef = F9A064032B6A82C0001E24BF /* ProdigesMapApp.swift */; };
		F9A064062B6A82C0001E24BF /* ContentView.swift in Sources */ = {isa = PBXBuildFile; fileRef = F9A064052B6A82C0001E24BF /* ContentView.swift */; };
		F9A064082B6A82C1001E24BF /* Assets.xcassets in Resources */ = {isa = PBXBuildFile; fileRef = F9A064072B6A82C1001E24BF /* Assets.xcassets */; };
		F9A0640B2B6A82C1001E24BF /* Preview Assets.xcassets in Resources */ = {isa = PBXBuildFile; fileRef = F9A0640A2B6A82C1001E24BF /* Preview Assets.xcassets */; };
		F9A064122B6A83F5001E24BF /* ProdigesMapView.swift in Sources */ = {isa = PBXBuildFile; fileRef = F9A064112B6A83F5001E24BF /* ProdigesMapView.swift */; };
		F9A064142B6A9090001E24BF /* ProdigesModel.swift in Sources */ = {isa = PBXBuildFile; fileRef = F9A064132B6A9090001E24BF /* ProdigesModel.swift */; };
		F9BE524E2B6CE42B00781072 /* AppDelegate.swift in Sources */ = {isa = PBXBuildFile; fileRef = F9BE524D2B6CE42B00781072 /* AppDelegate.swift */; };
		F9BE52502B6CFCA100781072 /* Prodige.swift in Sources */ = {isa = PBXBuildFile; fileRef = F9BE524F2B6CFCA100781072 /* Prodige.swift */; };
/* End PBXBuildFile section */

/* Begin PBXFileReference section */
		F92843372B72324800022088 /* LoginView.swift */ = {isa = PBXFileReference; lastKnownFileType = sourcecode.swift; path = LoginView.swift; sourceTree = "<group>"; };
		F92C20AC2B6BF66A003D81EC /* GoogleService-Info.plist */ = {isa = PBXFileReference; fileEncoding = 4; lastKnownFileType = text.plist.xml; path = "GoogleService-Info.plist"; sourceTree = "<group>"; };
		F9A064002B6A82C0001E24BF /* ProdigesMap.app */ = {isa = PBXFileReference; explicitFileType = wrapper.application; includeInIndex = 0; path = ProdigesMap.app; sourceTree = BUILT_PRODUCTS_DIR; };
		F9A064032B6A82C0001E24BF /* ProdigesMapApp.swift */ = {isa = PBXFileReference; lastKnownFileType = sourcecode.swift; path = ProdigesMapApp.swift; sourceTree = "<group>"; };
		F9A064052B6A82C0001E24BF /* ContentView.swift */ = {isa = PBXFileReference; lastKnownFileType = sourcecode.swift; path = ContentView.swift; sourceTree = "<group>"; };
		F9A064072B6A82C1001E24BF /* Assets.xcassets */ = {isa = PBXFileReference; lastKnownFileType = folder.assetcatalog; path = Assets.xcassets; sourceTree = "<group>"; };
		F9A0640A2B6A82C1001E24BF /* Preview Assets.xcassets */ = {isa = PBXFileReference; lastKnownFileType = folder.assetcatalog; path = "Preview Assets.xcassets"; sourceTree = "<group>"; };
		F9A064112B6A83F5001E24BF /* ProdigesMapView.swift */ = {isa = PBXFileReference; lastKnownFileType = sourcecode.swift; path = ProdigesMapView.swift; sourceTree = "<group>"; };
		F9A064132B6A9090001E24BF /* ProdigesModel.swift */ = {isa = PBXFileReference; lastKnownFileType = sourcecode.swift; path = ProdigesModel.swift; sourceTree = "<group>"; };
		F9BE524D2B6CE42B00781072 /* AppDelegate.swift */ = {isa = PBXFileReference; lastKnownFileType = sourcecode.swift; path = AppDelegate.swift; sourceTree = "<group>"; };
		F9BE524F2B6CFCA100781072 /* Prodige.swift */ = {isa = PBXFileReference; lastKnownFileType = sourcecode.swift; path = Prodige.swift; sourceTree = "<group>"; };
/* End PBXFileReference section */

/* Begin PBXFrameworksBuildPhase section */
		F9A063FD2B6A82C0001E24BF /* Frameworks */ = {
			isa = PBXFrameworksBuildPhase;
			buildActionMask = 2147483647;
			files = (
				F92C20CF2B6BF8A8003D81EC /* FirebaseDatabaseSwift in Frameworks */,
				F92C20BD2B6BF8A8003D81EC /* FirebaseAnalyticsOnDeviceConversion in Frameworks */,
				F92C20E12B6BF8A8003D81EC /* FirebaseInstallations in Frameworks */,
				F92C20D52B6BF8A8003D81EC /* FirebaseFirestoreCombine-Community in Frameworks */,
				F92C20DF2B6BF8A8003D81EC /* FirebaseInAppMessagingSwift-Beta in Frameworks */,
				F92C20B82B6BF831003D81EC /* AsyncExtensions in Frameworks */,
				F92C20E32B6BF8A8003D81EC /* FirebaseMLModelDownloader in Frameworks */,
				F92C20E52B6BF8A8003D81EC /* FirebaseMessaging in Frameworks */,
				F92C20D72B6BF8A8003D81EC /* FirebaseFirestoreSwift in Frameworks */,
				F92C20D32B6BF8A8003D81EC /* FirebaseFirestore in Frameworks */,
				F92C20D92B6BF8A8003D81EC /* FirebaseFunctions in Frameworks */,
				F92C20BF2B6BF8A8003D81EC /* FirebaseAnalyticsSwift in Frameworks */,
				F92C20BB2B6BF8A8003D81EC /* FirebaseAnalytics in Frameworks */,
				F92C20B52B6BF738003D81EC /* AsyncAlgorithms in Frameworks */,
				F92C20C92B6BF8A8003D81EC /* FirebaseAuthCombine-Community in Frameworks */,
				F92C20C72B6BF8A8003D81EC /* FirebaseAuth in Frameworks */,
				F92C20DB2B6BF8A8003D81EC /* FirebaseFunctionsCombine-Community in Frameworks */,
				F92C20CB2B6BF8A8003D81EC /* FirebaseCrashlytics in Frameworks */,
				F92C20D12B6BF8A8003D81EC /* FirebaseDynamicLinks in Frameworks */,
				F92C20DD2B6BF8A8003D81EC /* FirebaseInAppMessaging-Beta in Frameworks */,
				F92C20C52B6BF8A8003D81EC /* FirebaseAppDistribution-Beta in Frameworks */,
				F92C20C32B6BF8A8003D81EC /* FirebaseAppCheck in Frameworks */,
				F92C20CD2B6BF8A8003D81EC /* FirebaseDatabase in Frameworks */,
				F92C20C12B6BF8A8003D81EC /* FirebaseAnalyticsWithoutAdIdSupport in Frameworks */,
			);
			runOnlyForDeploymentPostprocessing = 0;
		};
/* End PBXFrameworksBuildPhase section */

/* Begin PBXGroup section */
		F9A063F72B6A82C0001E24BF = {
			isa = PBXGroup;
			children = (
				F9A064022B6A82C0001E24BF /* ProdigesMap */,
				F9A064012B6A82C0001E24BF /* Products */,
			);
			sourceTree = "<group>";
		};
		F9A064012B6A82C0001E24BF /* Products */ = {
			isa = PBXGroup;
			children = (
				F9A064002B6A82C0001E24BF /* ProdigesMap.app */,
			);
			name = Products;
			sourceTree = "<group>";
		};
		F9A064022B6A82C0001E24BF /* ProdigesMap */ = {
			isa = PBXGroup;
			children = (
				F9BE524D2B6CE42B00781072 /* AppDelegate.swift */,
				F9BE52532B6CFD7B00781072 /* Models */,
				F9BE52512B6CFD6300781072 /* Views */,
				F9A064032B6A82C0001E24BF /* ProdigesMapApp.swift */,
				F92C20AC2B6BF66A003D81EC /* GoogleService-Info.plist */,
				F9A064072B6A82C1001E24BF /* Assets.xcassets */,
				F9A064092B6A82C1001E24BF /* Preview Content */,
			);
			path = ProdigesMap;
			sourceTree = "<group>";
		};
		F9A064092B6A82C1001E24BF /* Preview Content */ = {
			isa = PBXGroup;
			children = (
				F9A0640A2B6A82C1001E24BF /* Preview Assets.xcassets */,
			);
			path = "Preview Content";
			sourceTree = "<group>";
		};
		F9BE52512B6CFD6300781072 /* Views */ = {
			isa = PBXGroup;
			children = (
				F9A064052B6A82C0001E24BF /* ContentView.swift */,
				F9A064112B6A83F5001E24BF /* ProdigesMapView.swift */,
				F92843372B72324800022088 /* LoginView.swift */,
			);
			path = Views;
			sourceTree = "<group>";
		};
		F9BE52532B6CFD7B00781072 /* Models */ = {
			isa = PBXGroup;
			children = (
				F9BE524F2B6CFCA100781072 /* Prodige.swift */,
				F9A064132B6A9090001E24BF /* ProdigesModel.swift */,
			);
			path = Models;
			sourceTree = "<group>";
		};
/* End PBXGroup section */

/* Begin PBXNativeTarget section */
		F9A063FF2B6A82C0001E24BF /* ProdigesMap */ = {
			isa = PBXNativeTarget;
			buildConfigurationList = F9A0640E2B6A82C1001E24BF /* Build configuration list for PBXNativeTarget "ProdigesMap" */;
			buildPhases = (
				F9A063FC2B6A82C0001E24BF /* Sources */,
				F9A063FD2B6A82C0001E24BF /* Frameworks */,
				F9A063FE2B6A82C0001E24BF /* Resources */,
			);
			buildRules = (
			);
			dependencies = (
			);
			name = ProdigesMap;
			packageProductDependencies = (
				F92C20B42B6BF738003D81EC /* AsyncAlgorithms */,
				F92C20B72B6BF831003D81EC /* AsyncExtensions */,
				F92C20BA2B6BF8A8003D81EC /* FirebaseAnalytics */,
				F92C20BC2B6BF8A8003D81EC /* FirebaseAnalyticsOnDeviceConversion */,
				F92C20BE2B6BF8A8003D81EC /* FirebaseAnalyticsSwift */,
				F92C20C02B6BF8A8003D81EC /* FirebaseAnalyticsWithoutAdIdSupport */,
				F92C20C22B6BF8A8003D81EC /* FirebaseAppCheck */,
				F92C20C42B6BF8A8003D81EC /* FirebaseAppDistribution-Beta */,
				F92C20C62B6BF8A8003D81EC /* FirebaseAuth */,
				F92C20C82B6BF8A8003D81EC /* FirebaseAuthCombine-Community */,
				F92C20CA2B6BF8A8003D81EC /* FirebaseCrashlytics */,
				F92C20CC2B6BF8A8003D81EC /* FirebaseDatabase */,
				F92C20CE2B6BF8A8003D81EC /* FirebaseDatabaseSwift */,
				F92C20D02B6BF8A8003D81EC /* FirebaseDynamicLinks */,
				F92C20D22B6BF8A8003D81EC /* FirebaseFirestore */,
				F92C20D42B6BF8A8003D81EC /* FirebaseFirestoreCombine-Community */,
				F92C20D62B6BF8A8003D81EC /* FirebaseFirestoreSwift */,
				F92C20D82B6BF8A8003D81EC /* FirebaseFunctions */,
				F92C20DA2B6BF8A8003D81EC /* FirebaseFunctionsCombine-Community */,
				F92C20DC2B6BF8A8003D81EC /* FirebaseInAppMessaging-Beta */,
				F92C20DE2B6BF8A8003D81EC /* FirebaseInAppMessagingSwift-Beta */,
				F92C20E02B6BF8A8003D81EC /* FirebaseInstallations */,
				F92C20E22B6BF8A8003D81EC /* FirebaseMLModelDownloader */,
				F92C20E42B6BF8A8003D81EC /* FirebaseMessaging */,
			);
			productName = ProdigesMap;
			productReference = F9A064002B6A82C0001E24BF /* ProdigesMap.app */;
			productType = "com.apple.product-type.application";
		};
/* End PBXNativeTarget section */

/* Begin PBXProject section */
		F9A063F82B6A82C0001E24BF /* Project object */ = {
			isa = PBXProject;
			attributes = {
				BuildIndependentTargetsInParallel = 1;
				LastSwiftUpdateCheck = 1520;
				LastUpgradeCheck = 1520;
				TargetAttributes = {
					F9A063FF2B6A82C0001E24BF = {
						CreatedOnToolsVersion = 15.2;
					};
				};
			};
			buildConfigurationList = F9A063FB2B6A82C0001E24BF /* Build configuration list for PBXProject "ProdigesMap" */;
			compatibilityVersion = "Xcode 14.0";
			developmentRegion = en;
			hasScannedForEncodings = 0;
			knownRegions = (
				en,
				Base,
			);
			mainGroup = F9A063F72B6A82C0001E24BF;
			packageReferences = (
				F92C20B32B6BF738003D81EC /* XCRemoteSwiftPackageReference "swift-async-algorithms" */,
				F92C20B62B6BF831003D81EC /* XCRemoteSwiftPackageReference "AsyncExtensions" */,
				F92C20B92B6BF8A8003D81EC /* XCRemoteSwiftPackageReference "firebase-ios-sdk" */,
			);
			productRefGroup = F9A064012B6A82C0001E24BF /* Products */;
			projectDirPath = "";
			projectRoot = "";
			targets = (
				F9A063FF2B6A82C0001E24BF /* ProdigesMap */,
			);
		};
/* End PBXProject section */

/* Begin PBXResourcesBuildPhase section */
		F9A063FE2B6A82C0001E24BF /* Resources */ = {
			isa = PBXResourcesBuildPhase;
			buildActionMask = 2147483647;
			files = (
				F9A0640B2B6A82C1001E24BF /* Preview Assets.xcassets in Resources */,
				F9A064082B6A82C1001E24BF /* Assets.xcassets in Resources */,
				F92C20AD2B6BF66A003D81EC /* GoogleService-Info.plist in Resources */,
			);
			runOnlyForDeploymentPostprocessing = 0;
		};
/* End PBXResourcesBuildPhase section */

/* Begin PBXSourcesBuildPhase section */
		F9A063FC2B6A82C0001E24BF /* Sources */ = {
			isa = PBXSourcesBuildPhase;
			buildActionMask = 2147483647;
			files = (
				F9BE52502B6CFCA100781072 /* Prodige.swift in Sources */,
				F9A064142B6A9090001E24BF /* ProdigesModel.swift in Sources */,
				F9A064062B6A82C0001E24BF /* ContentView.swift in Sources */,
				F9A064042B6A82C0001E24BF /* ProdigesMapApp.swift in Sources */,
				F9BE524E2B6CE42B00781072 /* AppDelegate.swift in Sources */,
				F9A064122B6A83F5001E24BF /* ProdigesMapView.swift in Sources */,
				F92843382B72324800022088 /* LoginView.swift in Sources */,
			);
			runOnlyForDeploymentPostprocessing = 0;
		};
/* End PBXSourcesBuildPhase section */

/* Begin XCBuildConfiguration section */
		F9A0640C2B6A82C1001E24BF /* Debug */ = {
			isa = XCBuildConfiguration;
			buildSettings = {
				ALWAYS_SEARCH_USER_PATHS = NO;
				ASSETCATALOG_COMPILER_GENERATE_SWIFT_ASSET_SYMBOL_EXTENSIONS = YES;
				CLANG_ANALYZER_NONNULL = YES;
				CLANG_ANALYZER_NUMBER_OBJECT_CONVERSION = YES_AGGRESSIVE;
				CLANG_CXX_LANGUAGE_STANDARD = "gnu++20";
				CLANG_ENABLE_MODULES = YES;
				CLANG_ENABLE_OBJC_ARC = YES;
				CLANG_ENABLE_OBJC_WEAK = YES;
				CLANG_WARN_BLOCK_CAPTURE_AUTORELEASING = YES;
				CLANG_WARN_BOOL_CONVERSION = YES;
				CLANG_WARN_COMMA = YES;
				CLANG_WARN_CONSTANT_CONVERSION = YES;
				CLANG_WARN_DEPRECATED_OBJC_IMPLEMENTATIONS = YES;
				CLANG_WARN_DIRECT_OBJC_ISA_USAGE = YES_ERROR;
				CLANG_WARN_DOCUMENTATION_COMMENTS = YES;
				CLANG_WARN_EMPTY_BODY = YES;
				CLANG_WARN_ENUM_CONVERSION = YES;
				CLANG_WARN_INFINITE_RECURSION = YES;
				CLANG_WARN_INT_CONVERSION = YES;
				CLANG_WARN_NON_LITERAL_NULL_CONVERSION = YES;
				CLANG_WARN_OBJC_IMPLICIT_RETAIN_SELF = YES;
				CLANG_WARN_OBJC_LITERAL_CONVERSION = YES;
				CLANG_WARN_OBJC_ROOT_CLASS = YES_ERROR;
				CLANG_WARN_QUOTED_INCLUDE_IN_FRAMEWORK_HEADER = YES;
				CLANG_WARN_RANGE_LOOP_ANALYSIS = YES;
				CLANG_WARN_STRICT_PROTOTYPES = YES;
				CLANG_WARN_SUSPICIOUS_MOVE = YES;
				CLANG_WARN_UNGUARDED_AVAILABILITY = YES_AGGRESSIVE;
				CLANG_WARN_UNREACHABLE_CODE = YES;
				CLANG_WARN__DUPLICATE_METHOD_MATCH = YES;
				COPY_PHASE_STRIP = NO;
				DEBUG_INFORMATION_FORMAT = dwarf;
				ENABLE_STRICT_OBJC_MSGSEND = YES;
				ENABLE_TESTABILITY = YES;
				ENABLE_USER_SCRIPT_SANDBOXING = YES;
				GCC_C_LANGUAGE_STANDARD = gnu17;
				GCC_DYNAMIC_NO_PIC = NO;
				GCC_NO_COMMON_BLOCKS = YES;
				GCC_OPTIMIZATION_LEVEL = 0;
				GCC_PREPROCESSOR_DEFINITIONS = (
					"DEBUG=1",
					"$(inherited)",
				);
				GCC_WARN_64_TO_32_BIT_CONVERSION = YES;
				GCC_WARN_ABOUT_RETURN_TYPE = YES_ERROR;
				GCC_WARN_UNDECLARED_SELECTOR = YES;
				GCC_WARN_UNINITIALIZED_AUTOS = YES_AGGRESSIVE;
				GCC_WARN_UNUSED_FUNCTION = YES;
				GCC_WARN_UNUSED_VARIABLE = YES;
				IPHONEOS_DEPLOYMENT_TARGET = 17.2;
				LOCALIZATION_PREFERS_STRING_CATALOGS = YES;
				MTL_ENABLE_DEBUG_INFO = INCLUDE_SOURCE;
				MTL_FAST_MATH = YES;
				ONLY_ACTIVE_ARCH = YES;
				SDKROOT = iphoneos;
				SWIFT_ACTIVE_COMPILATION_CONDITIONS = "DEBUG $(inherited)";
				SWIFT_OPTIMIZATION_LEVEL = "-Onone";
			};
			name = Debug;
		};
		F9A0640D2B6A82C1001E24BF /* Release */ = {
			isa = XCBuildConfiguration;
			buildSettings = {
				ALWAYS_SEARCH_USER_PATHS = NO;
				ASSETCATALOG_COMPILER_GENERATE_SWIFT_ASSET_SYMBOL_EXTENSIONS = YES;
				CLANG_ANALYZER_NONNULL = YES;
				CLANG_ANALYZER_NUMBER_OBJECT_CONVERSION = YES_AGGRESSIVE;
				CLANG_CXX_LANGUAGE_STANDARD = "gnu++20";
				CLANG_ENABLE_MODULES = YES;
				CLANG_ENABLE_OBJC_ARC = YES;
				CLANG_ENABLE_OBJC_WEAK = YES;
				CLANG_WARN_BLOCK_CAPTURE_AUTORELEASING = YES;
				CLANG_WARN_BOOL_CONVERSION = YES;
				CLANG_WARN_COMMA = YES;
				CLANG_WARN_CONSTANT_CONVERSION = YES;
				CLANG_WARN_DEPRECATED_OBJC_IMPLEMENTATIONS = YES;
				CLANG_WARN_DIRECT_OBJC_ISA_USAGE = YES_ERROR;
				CLANG_WARN_DOCUMENTATION_COMMENTS = YES;
				CLANG_WARN_EMPTY_BODY = YES;
				CLANG_WARN_ENUM_CONVERSION = YES;
				CLANG_WARN_INFINITE_RECURSION = YES;
				CLANG_WARN_INT_CONVERSION = YES;
				CLANG_WARN_NON_LITERAL_NULL_CONVERSION = YES;
				CLANG_WARN_OBJC_IMPLICIT_RETAIN_SELF = YES;
				CLANG_WARN_OBJC_LITERAL_CONVERSION = YES;
				CLANG_WARN_OBJC_ROOT_CLASS = YES_ERROR;
				CLANG_WARN_QUOTED_INCLUDE_IN_FRAMEWORK_HEADER = YES;
				CLANG_WARN_RANGE_LOOP_ANALYSIS = YES;
				CLANG_WARN_STRICT_PROTOTYPES = YES;
				CLANG_WARN_SUSPICIOUS_MOVE = YES;
				CLANG_WARN_UNGUARDED_AVAILABILITY = YES_AGGRESSIVE;
				CLANG_WARN_UNREACHABLE_CODE = YES;
				CLANG_WARN__DUPLICATE_METHOD_MATCH = YES;
				COPY_PHASE_STRIP = NO;
				DEBUG_INFORMATION_FORMAT = "dwarf-with-dsym";
				ENABLE_NS_ASSERTIONS = NO;
				ENABLE_STRICT_OBJC_MSGSEND = YES;
				ENABLE_USER_SCRIPT_SANDBOXING = YES;
				GCC_C_LANGUAGE_STANDARD = gnu17;
				GCC_NO_COMMON_BLOCKS = YES;
				GCC_WARN_64_TO_32_BIT_CONVERSION = YES;
				GCC_WARN_ABOUT_RETURN_TYPE = YES_ERROR;
				GCC_WARN_UNDECLARED_SELECTOR = YES;
				GCC_WARN_UNINITIALIZED_AUTOS = YES_AGGRESSIVE;
				GCC_WARN_UNUSED_FUNCTION = YES;
				GCC_WARN_UNUSED_VARIABLE = YES;
				IPHONEOS_DEPLOYMENT_TARGET = 17.2;
				LOCALIZATION_PREFERS_STRING_CATALOGS = YES;
				MTL_ENABLE_DEBUG_INFO = NO;
				MTL_FAST_MATH = YES;
				SDKROOT = iphoneos;
				SWIFT_COMPILATION_MODE = wholemodule;
				VALIDATE_PRODUCT = YES;
			};
			name = Release;
		};
		F9A0640F2B6A82C1001E24BF /* Debug */ = {
			isa = XCBuildConfiguration;
			buildSettings = {
				ASSETCATALOG_COMPILER_APPICON_NAME = AppIcon;
				ASSETCATALOG_COMPILER_GLOBAL_ACCENT_COLOR_NAME = AccentColor;
				CODE_SIGN_STYLE = Automatic;
				CURRENT_PROJECT_VERSION = 1;
				DEVELOPMENT_ASSET_PATHS = "\"ProdigesMap/Preview Content\"";
				DEVELOPMENT_TEAM = 5RN5AFP4W6;
				ENABLE_PREVIEWS = YES;
				GENERATE_INFOPLIST_FILE = YES;
				INFOPLIST_KEY_NSLocationAlwaysAndWhenInUseUsageDescription = "Location Always and When In Use Usage Description";
				INFOPLIST_KEY_NSLocationAlwaysUsageDescription = "Location Always Usage Description";
				INFOPLIST_KEY_NSLocationWhenInUseUsageDescription = "Location When In Use Usage Description";
				INFOPLIST_KEY_UIApplicationSceneManifest_Generation = YES;
				INFOPLIST_KEY_UIApplicationSupportsIndirectInputEvents = YES;
				INFOPLIST_KEY_UILaunchScreen_Generation = YES;
				INFOPLIST_KEY_UISupportedInterfaceOrientations_iPad = "UIInterfaceOrientationPortrait UIInterfaceOrientationPortraitUpsideDown UIInterfaceOrientationLandscapeLeft UIInterfaceOrientationLandscapeRight";
				INFOPLIST_KEY_UISupportedInterfaceOrientations_iPhone = "UIInterfaceOrientationPortrait UIInterfaceOrientationLandscapeLeft UIInterfaceOrientationLandscapeRight";
				LD_RUNPATH_SEARCH_PATHS = (
					"$(inherited)",
					"@executable_path/Frameworks",
				);
				MARKETING_VERSION = 1.0;
				PRODUCT_BUNDLE_IDENTIFIER = it.maxence.ProdigesMap;
				PRODUCT_NAME = "$(TARGET_NAME)";
				SWIFT_EMIT_LOC_STRINGS = YES;
				SWIFT_VERSION = 5.0;
				TARGETED_DEVICE_FAMILY = "1,2";
			};
			name = Debug;
		};
		F9A064102B6A82C1001E24BF /* Release */ = {
			isa = XCBuildConfiguration;
			buildSettings = {
				ASSETCATALOG_COMPILER_APPICON_NAME = AppIcon;
				ASSETCATALOG_COMPILER_GLOBAL_ACCENT_COLOR_NAME = AccentColor;
				CODE_SIGN_STYLE = Automatic;
				CURRENT_PROJECT_VERSION = 1;
				DEVELOPMENT_ASSET_PATHS = "\"ProdigesMap/Preview Content\"";
				DEVELOPMENT_TEAM = 5RN5AFP4W6;
				ENABLE_PREVIEWS = YES;
				GENERATE_INFOPLIST_FILE = YES;
				INFOPLIST_KEY_NSLocationAlwaysAndWhenInUseUsageDescription = "Location Always and When In Use Usage Description";
				INFOPLIST_KEY_NSLocationAlwaysUsageDescription = "Location Always Usage Description";
				INFOPLIST_KEY_NSLocationWhenInUseUsageDescription = "Location When In Use Usage Description";
				INFOPLIST_KEY_UIApplicationSceneManifest_Generation = YES;
				INFOPLIST_KEY_UIApplicationSupportsIndirectInputEvents = YES;
				INFOPLIST_KEY_UILaunchScreen_Generation = YES;
				INFOPLIST_KEY_UISupportedInterfaceOrientations_iPad = "UIInterfaceOrientationPortrait UIInterfaceOrientationPortraitUpsideDown UIInterfaceOrientationLandscapeLeft UIInterfaceOrientationLandscapeRight";
				INFOPLIST_KEY_UISupportedInterfaceOrientations_iPhone = "UIInterfaceOrientationPortrait UIInterfaceOrientationLandscapeLeft UIInterfaceOrientationLandscapeRight";
				LD_RUNPATH_SEARCH_PATHS = (
					"$(inherited)",
					"@executable_path/Frameworks",
				);
				MARKETING_VERSION = 1.0;
				PRODUCT_BUNDLE_IDENTIFIER = it.maxence.ProdigesMap;
				PRODUCT_NAME = "$(TARGET_NAME)";
				SWIFT_EMIT_LOC_STRINGS = YES;
				SWIFT_VERSION = 5.0;
				TARGETED_DEVICE_FAMILY = "1,2";
			};
			name = Release;
		};
/* End XCBuildConfiguration section */

/* Begin XCConfigurationList section */
		F9A063FB2B6A82C0001E24BF /* Build configuration list for PBXProject "ProdigesMap" */ = {
			isa = XCConfigurationList;
			buildConfigurations = (
				F9A0640C2B6A82C1001E24BF /* Debug */,
				F9A0640D2B6A82C1001E24BF /* Release */,
			);
			defaultConfigurationIsVisible = 0;
			defaultConfigurationName = Release;
		};
		F9A0640E2B6A82C1001E24BF /* Build configuration list for PBXNativeTarget "ProdigesMap" */ = {
			isa = XCConfigurationList;
			buildConfigurations = (
				F9A0640F2B6A82C1001E24BF /* Debug */,
				F9A064102B6A82C1001E24BF /* Release */,
			);
			defaultConfigurationIsVisible = 0;
			defaultConfigurationName = Release;
		};
/* End XCConfigurationList section */

/* Begin XCRemoteSwiftPackageReference section */
		F92C20B32B6BF738003D81EC /* XCRemoteSwiftPackageReference "swift-async-algorithms" */ = {
			isa = XCRemoteSwiftPackageReference;
			repositoryURL = "https://github.com/apple/swift-async-algorithms.git";
			requirement = {
				kind = upToNextMajorVersion;
				minimumVersion = 1.0.0;
			};
		};
		F92C20B62B6BF831003D81EC /* XCRemoteSwiftPackageReference "AsyncExtensions" */ = {
			isa = XCRemoteSwiftPackageReference;
			repositoryURL = "https://github.com/sideeffect-io/AsyncExtensions";
			requirement = {
				kind = upToNextMajorVersion;
				minimumVersion = 0.5.2;
			};
		};
		F92C20B92B6BF8A8003D81EC /* XCRemoteSwiftPackageReference "firebase-ios-sdk" */ = {
			isa = XCRemoteSwiftPackageReference;
			repositoryURL = "https://github.com/firebase/firebase-ios-sdk";
			requirement = {
				kind = upToNextMajorVersion;
				minimumVersion = 10.20.0;
			};
		};
/* End XCRemoteSwiftPackageReference section */

/* Begin XCSwiftPackageProductDependency section */
		F92C20B42B6BF738003D81EC /* AsyncAlgorithms */ = {
			isa = XCSwiftPackageProductDependency;
			package = F92C20B32B6BF738003D81EC /* XCRemoteSwiftPackageReference "swift-async-algorithms" */;
			productName = AsyncAlgorithms;
		};
		F92C20B72B6BF831003D81EC /* AsyncExtensions */ = {
			isa = XCSwiftPackageProductDependency;
			package = F92C20B62B6BF831003D81EC /* XCRemoteSwiftPackageReference "AsyncExtensions" */;
			productName = AsyncExtensions;
		};
		F92C20BA2B6BF8A8003D81EC /* FirebaseAnalytics */ = {
			isa = XCSwiftPackageProductDependency;
			package = F92C20B92B6BF8A8003D81EC /* XCRemoteSwiftPackageReference "firebase-ios-sdk" */;
			productName = FirebaseAnalytics;
		};
		F92C20BC2B6BF8A8003D81EC /* FirebaseAnalyticsOnDeviceConversion */ = {
			isa = XCSwiftPackageProductDependency;
			package = F92C20B92B6BF8A8003D81EC /* XCRemoteSwiftPackageReference "firebase-ios-sdk" */;
			productName = FirebaseAnalyticsOnDeviceConversion;
		};
		F92C20BE2B6BF8A8003D81EC /* FirebaseAnalyticsSwift */ = {
			isa = XCSwiftPackageProductDependency;
			package = F92C20B92B6BF8A8003D81EC /* XCRemoteSwiftPackageReference "firebase-ios-sdk" */;
			productName = FirebaseAnalyticsSwift;
		};
		F92C20C02B6BF8A8003D81EC /* FirebaseAnalyticsWithoutAdIdSupport */ = {
			isa = XCSwiftPackageProductDependency;
			package = F92C20B92B6BF8A8003D81EC /* XCRemoteSwiftPackageReference "firebase-ios-sdk" */;
			productName = FirebaseAnalyticsWithoutAdIdSupport;
		};
		F92C20C22B6BF8A8003D81EC /* FirebaseAppCheck */ = {
			isa = XCSwiftPackageProductDependency;
			package = F92C20B92B6BF8A8003D81EC /* XCRemoteSwiftPackageReference "firebase-ios-sdk" */;
			productName = FirebaseAppCheck;
		};
		F92C20C42B6BF8A8003D81EC /* FirebaseAppDistribution-Beta */ = {
			isa = XCSwiftPackageProductDependency;
			package = F92C20B92B6BF8A8003D81EC /* XCRemoteSwiftPackageReference "firebase-ios-sdk" */;
			productName = "FirebaseAppDistribution-Beta";
		};
		F92C20C62B6BF8A8003D81EC /* FirebaseAuth */ = {
			isa = XCSwiftPackageProductDependency;
			package = F92C20B92B6BF8A8003D81EC /* XCRemoteSwiftPackageReference "firebase-ios-sdk" */;
			productName = FirebaseAuth;
		};
		F92C20C82B6BF8A8003D81EC /* FirebaseAuthCombine-Community */ = {
			isa = XCSwiftPackageProductDependency;
			package = F92C20B92B6BF8A8003D81EC /* XCRemoteSwiftPackageReference "firebase-ios-sdk" */;
			productName = "FirebaseAuthCombine-Community";
		};
		F92C20CA2B6BF8A8003D81EC /* FirebaseCrashlytics */ = {
			isa = XCSwiftPackageProductDependency;
			package = F92C20B92B6BF8A8003D81EC /* XCRemoteSwiftPackageReference "firebase-ios-sdk" */;
			productName = FirebaseCrashlytics;
		};
		F92C20CC2B6BF8A8003D81EC /* FirebaseDatabase */ = {
			isa = XCSwiftPackageProductDependency;
			package = F92C20B92B6BF8A8003D81EC /* XCRemoteSwiftPackageReference "firebase-ios-sdk" */;
			productName = FirebaseDatabase;
		};
		F92C20CE2B6BF8A8003D81EC /* FirebaseDatabaseSwift */ = {
			isa = XCSwiftPackageProductDependency;
			package = F92C20B92B6BF8A8003D81EC /* XCRemoteSwiftPackageReference "firebase-ios-sdk" */;
			productName = FirebaseDatabaseSwift;
		};
		F92C20D02B6BF8A8003D81EC /* FirebaseDynamicLinks */ = {
			isa = XCSwiftPackageProductDependency;
			package = F92C20B92B6BF8A8003D81EC /* XCRemoteSwiftPackageReference "firebase-ios-sdk" */;
			productName = FirebaseDynamicLinks;
		};
		F92C20D22B6BF8A8003D81EC /* FirebaseFirestore */ = {
			isa = XCSwiftPackageProductDependency;
			package = F92C20B92B6BF8A8003D81EC /* XCRemoteSwiftPackageReference "firebase-ios-sdk" */;
			productName = FirebaseFirestore;
		};
		F92C20D42B6BF8A8003D81EC /* FirebaseFirestoreCombine-Community */ = {
			isa = XCSwiftPackageProductDependency;
			package = F92C20B92B6BF8A8003D81EC /* XCRemoteSwiftPackageReference "firebase-ios-sdk" */;
			productName = "FirebaseFirestoreCombine-Community";
		};
		F92C20D62B6BF8A8003D81EC /* FirebaseFirestoreSwift */ = {
			isa = XCSwiftPackageProductDependency;
			package = F92C20B92B6BF8A8003D81EC /* XCRemoteSwiftPackageReference "firebase-ios-sdk" */;
			productName = FirebaseFirestoreSwift;
		};
		F92C20D82B6BF8A8003D81EC /* FirebaseFunctions */ = {
			isa = XCSwiftPackageProductDependency;
			package = F92C20B92B6BF8A8003D81EC /* XCRemoteSwiftPackageReference "firebase-ios-sdk" */;
			productName = FirebaseFunctions;
		};
		F92C20DA2B6BF8A8003D81EC /* FirebaseFunctionsCombine-Community */ = {
			isa = XCSwiftPackageProductDependency;
			package = F92C20B92B6BF8A8003D81EC /* XCRemoteSwiftPackageReference "firebase-ios-sdk" */;
			productName = "FirebaseFunctionsCombine-Community";
		};
		F92C20DC2B6BF8A8003D81EC /* FirebaseInAppMessaging-Beta */ = {
			isa = XCSwiftPackageProductDependency;
			package = F92C20B92B6BF8A8003D81EC /* XCRemoteSwiftPackageReference "firebase-ios-sdk" */;
			productName = "FirebaseInAppMessaging-Beta";
		};
		F92C20DE2B6BF8A8003D81EC /* FirebaseInAppMessagingSwift-Beta */ = {
			isa = XCSwiftPackageProductDependency;
			package = F92C20B92B6BF8A8003D81EC /* XCRemoteSwiftPackageReference "firebase-ios-sdk" */;
			productName = "FirebaseInAppMessagingSwift-Beta";
		};
		F92C20E02B6BF8A8003D81EC /* FirebaseInstallations */ = {
			isa = XCSwiftPackageProductDependency;
			package = F92C20B92B6BF8A8003D81EC /* XCRemoteSwiftPackageReference "firebase-ios-sdk" */;
			productName = FirebaseInstallations;
		};
		F92C20E22B6BF8A8003D81EC /* FirebaseMLModelDownloader */ = {
			isa = XCSwiftPackageProductDependency;
			package = F92C20B92B6BF8A8003D81EC /* XCRemoteSwiftPackageReference "firebase-ios-sdk" */;
			productName = FirebaseMLModelDownloader;
		};
		F92C20E42B6BF8A8003D81EC /* FirebaseMessaging */ = {
			isa = XCSwiftPackageProductDependency;
			package = F92C20B92B6BF8A8003D81EC /* XCRemoteSwiftPackageReference "firebase-ios-sdk" */;
			productName = FirebaseMessaging;
		};
/* End XCSwiftPackageProductDependency section */
	};
	rootObject = F9A063F82B6A82C0001E24BF /* Project object */;
}
